
Microsoft Visual Studio Solution File, Format Version 12.00
# Visual Studio Version 16
VisualStudioVersion = 16.0.30717.126
MinimumVisualStudioVersion = 10.0.40219.1
Project("{9A19103F-16F7-4668-BE54-9A1E7A4F7556}") = "DoFactory.AbstractFactory", "01 - Creational Patterns\DoFactory.AbstractFactory\DoFactory.AbstractFactory.csproj", "{969E2B4A-DFDB-45AA-B66C-1DE114CCEE50}"
EndProject
Project("{2150E333-8FDC-42A3-9474-1A3956D46DE8}") = "01 - Creational Patterns", "01 - Creational Patterns", "{C5CF47D5-3FA0-4125-BB42-5D8249C2BEF4}"
EndProject
Project("{2150E333-8FDC-42A3-9474-1A3956D46DE8}") = "02 - Structural Patterns", "02 - Structural Patterns", "{BFC1B144-029E-4783-94E9-6AD42522A420}"
EndProject
Project("{2150E333-8FDC-42A3-9474-1A3956D46DE8}") = "03 - Behavioral Patterns", "03 - Behavioral Patterns", "{498A1763-98E8-4E38-9264-33C51D6C4D0B}"
EndProject
Project("{9A19103F-16F7-4668-BE54-9A1E7A4F7556}") = "DoFactory.FactoryMethod", "01 - Creational Patterns\DoFactory.FactoryMethod\DoFactory.FactoryMethod.csproj", "{AA5E724D-D1EB-4487-98B7-3EC63680AE18}"
EndProject
Project("{9A19103F-16F7-4668-BE54-9A1E7A4F7556}") = "DoFactory.Singleton", "01 - Creational Patterns\DoFactory.Singleton\DoFactory.Singleton.csproj", "{CAF090FA-5EA6-40D3-BB84-A7713AC52C59}"
EndProject
Project("{9A19103F-16F7-4668-BE54-9A1E7A4F7556}") = "DoFactory.Builder", "01 - Creational Patterns\DoFactory.Builder\DoFactory.Builder.csproj", "{449F87D2-99BD-453B-B2AF-538678941398}"
EndProject
Project("{9A19103F-16F7-4668-BE54-9A1E7A4F7556}") = "DoFactory.Prototype", "01 - Creational Patterns\DoFactory.Prototype\DoFactory.Prototype.csproj", "{FA6C5C7E-5858-477D-A376-543748709E33}"
EndProject
Project("{9A19103F-16F7-4668-BE54-9A1E7A4F7556}") = "DoFactory.Adapter", "02 - Structural Patterns\DoFactory.Adapter\DoFactory.Adapter.csproj", "{8ADD8DB7-25C5-4C97-99F8-43504484296D}"
EndProject
Project("{9A19103F-16F7-4668-BE54-9A1E7A4F7556}") = "DoFactory.Facade", "02 - Structural Patterns\DoFactory.Facade\DoFactory.Facade.csproj", "{A295F6B2-77BE-46B2-8332-62E607D81697}"
EndProject
Project("{FAE04EC0-301F-11D3-BF4B-00C04F79EFBC}") = "DoFactory.Composite", "02 - Structural Patterns\DoFactory.Composite\DoFactory.Composite.csproj", "{F98E6FEE-3756-44BB-8289-555F48145B4B}"
EndProject
Project("{FAE04EC0-301F-11D3-BF4B-00C04F79EFBC}") = "DoFactory.Bridge", "02 - Structural Patterns\DoFactory.Bridge\DoFactory.Bridge.csproj", "{DC5D62AB-7F34-4596-93F9-D4428B0880C0}"
EndProject
Project("{FAE04EC0-301F-11D3-BF4B-00C04F79EFBC}") = "DoFactory.Decorator", "02 - Structural Patterns\DoFactory.Decorator\DoFactory.Decorator.csproj", "{8950C49C-99C3-4DD1-B6AE-C637E3FF0892}"
EndProject
Project("{FAE04EC0-301F-11D3-BF4B-00C04F79EFBC}") = "DoFactory.Flyweight", "02 - Structural Patterns\DoFactory.Flyweight\DoFactory.Flyweight.csproj", "{9689C411-DE39-49DE-A26D-115A4D64A36A}"
EndProject
Project("{FAE04EC0-301F-11D3-BF4B-00C04F79EFBC}") = "DoFactory.Proxy", "02 - Structural Patterns\DoFactory.Proxy\DoFactory.Proxy.csproj", "{620AAC49-3FF5-49A8-9628-E2FB33681237}"
EndProject
Project("{FAE04EC0-301F-11D3-BF4B-00C04F79EFBC}") = "DoFactory.ChainOfResponsibility", "03 - Behavioral Patterns\DoFactory.ChainOfResponsibility\DoFactory.ChainOfResponsibility.csproj", "{58582242-51B7-45C1-8097-587EFE22B371}"
EndProject
Project("{FAE04EC0-301F-11D3-BF4B-00C04F79EFBC}") = "DoFactory.Command", "03 - Behavioral Patterns\DoFactory.Command\DoFactory.Command.csproj", "{6C914D87-D8F2-4330-B80B-ED602EEB24C8}"
EndProject
Project("{FAE04EC0-301F-11D3-BF4B-00C04F79EFBC}") = "DoFactory.Interpreter", "03 - Behavioral Patterns\DoFactory.Interpreter\DoFactory.Interpreter.csproj", "{FD7F8CF8-7F8E-4F33-85C3-D3FFDCFDAEF8}"
EndProject
Project("{FAE04EC0-301F-11D3-BF4B-00C04F79EFBC}") = "DoFactory.Iterator", "03 - Behavioral Patterns\DoFactory.Iterator\DoFactory.Iterator.csproj", "{7CA413AC-CDAA-452B-9D20-8EABF6FB1743}"
EndProject
Project("{FAE04EC0-301F-11D3-BF4B-00C04F79EFBC}") = "DoFactory.Mediator", "03 - Behavioral Patterns\DoFactory.Mediator\DoFactory.Mediator.csproj", "{C1460830-EF5D-48E0-847D-3BC9395885E3}"
EndProject
Project("{FAE04EC0-301F-11D3-BF4B-00C04F79EFBC}") = "DoFactory.Memento", "03 - Behavioral Patterns\DoFactory.Memento\DoFactory.Memento.csproj", "{C6C95B27-4C21-479E-93A9-91A279C050C4}"
EndProject
Project("{FAE04EC0-301F-11D3-BF4B-00C04F79EFBC}") = "DoFactory.Observer", "03 - Behavioral Patterns\DoFactory.Observer\DoFactory.Observer.csproj", "{A579D82B-B1FE-4FD2-961D-803C1CB0F56B}"
EndProject
Project("{FAE04EC0-301F-11D3-BF4B-00C04F79EFBC}") = "DoFactory.State", "03 - Behavioral Patterns\DoFactory.State\DoFactory.State.csproj", "{890E5444-68E9-44EE-93EC-ECFE05DC222D}"
EndProject
Project("{FAE04EC0-301F-11D3-BF4B-00C04F79EFBC}") = "DoFactory.Strategy", "03 - Behavioral Patterns\DoFactory.Strategy\DoFactory.Strategy.csproj", "{60F61C24-E426-4423-A39C-22BB27DA4D82}"
EndProject
Project("{FAE04EC0-301F-11D3-BF4B-00C04F79EFBC}") = "DoFactory.TemplateMethod", "03 - Behavioral Patterns\DoFactory.TemplateMethod\DoFactory.TemplateMethod.csproj", "{CDE88E87-04BE-4C92-96AB-C1BCB621D0C1}"
EndProject
Project("{FAE04EC0-301F-11D3-BF4B-00C04F79EFBC}") = "DoFactory.Visitor", "03 - Behavioral Patterns\DoFactory.Visitor\DoFactory.Visitor.csproj", "{FECC38DF-FF1A-4F12-BC1E-AD5C6C586161}"
EndProject
Global
	GlobalSection(SolutionConfigurationPlatforms) = preSolution
		Debug|Any CPU = Debug|Any CPU
		Release|Any CPU = Release|Any CPU
	EndGlobalSection
	GlobalSection(ProjectConfigurationPlatforms) = postSolution
		{969E2B4A-DFDB-45AA-B66C-1DE114CCEE50}.Debug|Any CPU.ActiveCfg = Debug|Any CPU
		{969E2B4A-DFDB-45AA-B66C-1DE114CCEE50}.Debug|Any CPU.Build.0 = Debug|Any CPU
		{969E2B4A-DFDB-45AA-B66C-1DE114CCEE50}.Release|Any CPU.ActiveCfg = Release|Any CPU
		{969E2B4A-DFDB-45AA-B66C-1DE114CCEE50}.Release|Any CPU.Build.0 = Release|Any CPU
		{AA5E724D-D1EB-4487-98B7-3EC63680AE18}.Debug|Any CPU.ActiveCfg = Debug|Any CPU
		{AA5E724D-D1EB-4487-98B7-3EC63680AE18}.Debug|Any CPU.Build.0 = Debug|Any CPU
		{AA5E724D-D1EB-4487-98B7-3EC63680AE18}.Release|Any CPU.ActiveCfg = Release|Any CPU
		{AA5E724D-D1EB-4487-98B7-3EC63680AE18}.Release|Any CPU.Build.0 = Release|Any CPU
		{CAF090FA-5EA6-40D3-BB84-A7713AC52C59}.Debug|Any CPU.ActiveCfg = Debug|Any CPU
		{CAF090FA-5EA6-40D3-BB84-A7713AC52C59}.Debug|Any CPU.Build.0 = Debug|Any CPU
		{CAF090FA-5EA6-40D3-BB84-A7713AC52C59}.Release|Any CPU.ActiveCfg = Release|Any CPU
		{CAF090FA-5EA6-40D3-BB84-A7713AC52C59}.Release|Any CPU.Build.0 = Release|Any CPU
		{449F87D2-99BD-453B-B2AF-538678941398}.Debug|Any CPU.ActiveCfg = Debug|Any CPU
		{449F87D2-99BD-453B-B2AF-538678941398}.Debug|Any CPU.Build.0 = Debug|Any CPU
		{449F87D2-99BD-453B-B2AF-538678941398}.Release|Any CPU.ActiveCfg = Release|Any CPU
		{449F87D2-99BD-453B-B2AF-538678941398}.Release|Any CPU.Build.0 = Release|Any CPU
		{FA6C5C7E-5858-477D-A376-543748709E33}.Debug|Any CPU.ActiveCfg = Debug|Any CPU
		{FA6C5C7E-5858-477D-A376-543748709E33}.Debug|Any CPU.Build.0 = Debug|Any CPU
		{FA6C5C7E-5858-477D-A376-543748709E33}.Release|Any CPU.ActiveCfg = Release|Any CPU
		{FA6C5C7E-5858-477D-A376-543748709E33}.Release|Any CPU.Build.0 = Release|Any CPU
		{8ADD8DB7-25C5-4C97-99F8-43504484296D}.Debug|Any CPU.ActiveCfg = Debug|Any CPU
		{8ADD8DB7-25C5-4C97-99F8-43504484296D}.Debug|Any CPU.Build.0 = Debug|Any CPU
		{8ADD8DB7-25C5-4C97-99F8-43504484296D}.Release|Any CPU.ActiveCfg = Release|Any CPU
		{8ADD8DB7-25C5-4C97-99F8-43504484296D}.Release|Any CPU.Build.0 = Release|Any CPU
		{A295F6B2-77BE-46B2-8332-62E607D81697}.Debug|Any CPU.ActiveCfg = Debug|Any CPU
		{A295F6B2-77BE-46B2-8332-62E607D81697}.Debug|Any CPU.Build.0 = Debug|Any CPU
		{A295F6B2-77BE-46B2-8332-62E607D81697}.Release|Any CPU.ActiveCfg = Release|Any CPU
		{A295F6B2-77BE-46B2-8332-62E607D81697}.Release|Any CPU.Build.0 = Release|Any CPU
		{F98E6FEE-3756-44BB-8289-555F48145B4B}.Debug|Any CPU.ActiveCfg = Debug|Any CPU
		{F98E6FEE-3756-44BB-8289-555F48145B4B}.Debug|Any CPU.Build.0 = Debug|Any CPU
		{F98E6FEE-3756-44BB-8289-555F48145B4B}.Release|Any CPU.ActiveCfg = Release|Any CPU
		{F98E6FEE-3756-44BB-8289-555F48145B4B}.Release|Any CPU.Build.0 = Release|Any CPU
		{DC5D62AB-7F34-4596-93F9-D4428B0880C0}.Debug|Any CPU.ActiveCfg = Debug|Any CPU
		{DC5D62AB-7F34-4596-93F9-D4428B0880C0}.Debug|Any CPU.Build.0 = Debug|Any CPU
		{DC5D62AB-7F34-4596-93F9-D4428B0880C0}.Release|Any CPU.ActiveCfg = Release|Any CPU
		{DC5D62AB-7F34-4596-93F9-D4428B0880C0}.Release|Any CPU.Build.0 = Release|Any CPU
		{8950C49C-99C3-4DD1-B6AE-C637E3FF0892}.Debug|Any CPU.ActiveCfg = Debug|Any CPU
		{8950C49C-99C3-4DD1-B6AE-C637E3FF0892}.Debug|Any CPU.Build.0 = Debug|Any CPU
		{8950C49C-99C3-4DD1-B6AE-C637E3FF0892}.Release|Any CPU.ActiveCfg = Release|Any CPU
		{8950C49C-99C3-4DD1-B6AE-C637E3FF0892}.Release|Any CPU.Build.0 = Release|Any CPU
		{9689C411-DE39-49DE-A26D-115A4D64A36A}.Debug|Any CPU.ActiveCfg = Debug|Any CPU
		{9689C411-DE39-49DE-A26D-115A4D64A36A}.Debug|Any CPU.Build.0 = Debug|Any CPU
		{9689C411-DE39-49DE-A26D-115A4D64A36A}.Release|Any CPU.ActiveCfg = Release|Any CPU
		{9689C411-DE39-49DE-A26D-115A4D64A36A}.Release|Any CPU.Build.0 = Release|Any CPU
		{620AAC49-3FF5-49A8-9628-E2FB33681237}.Debug|Any CPU.ActiveCfg = Debug|Any CPU
		{620AAC49-3FF5-49A8-9628-E2FB33681237}.Debug|Any CPU.Build.0 = Debug|Any CPU
		{620AAC49-3FF5-49A8-9628-E2FB33681237}.Release|Any CPU.ActiveCfg = Release|Any CPU
		{620AAC49-3FF5-49A8-9628-E2FB33681237}.Release|Any CPU.Build.0 = Release|Any CPU
		{58582242-51B7-45C1-8097-587EFE22B371}.Debug|Any CPU.ActiveCfg = Debug|Any CPU
		{58582242-51B7-45C1-8097-587EFE22B371}.Debug|Any CPU.Build.0 = Debug|Any CPU
		{58582242-51B7-45C1-8097-587EFE22B371}.Release|Any CPU.ActiveCfg = Release|Any CPU
		{58582242-51B7-45C1-8097-587EFE22B371}.Release|Any CPU.Build.0 = Release|Any CPU
		{6C914D87-D8F2-4330-B80B-ED602EEB24C8}.Debug|Any CPU.ActiveCfg = Debug|Any CPU
		{6C914D87-D8F2-4330-B80B-ED602EEB24C8}.Debug|Any CPU.Build.0 = Debug|Any CPU
		{6C914D87-D8F2-4330-B80B-ED602EEB24C8}.Release|Any CPU.ActiveCfg = Release|Any CPU
		{6C914D87-D8F2-4330-B80B-ED602EEB24C8}.Release|Any CPU.Build.0 = Release|Any CPU
		{FD7F8CF8-7F8E-4F33-85C3-D3FFDCFDAEF8}.Debug|Any CPU.ActiveCfg = Debug|Any CPU
		{FD7F8CF8-7F8E-4F33-85C3-D3FFDCFDAEF8}.Debug|Any CPU.Build.0 = Debug|Any CPU
		{FD7F8CF8-7F8E-4F33-85C3-D3FFDCFDAEF8}.Release|Any CPU.ActiveCfg = Release|Any CPU
		{FD7F8CF8-7F8E-4F33-85C3-D3FFDCFDAEF8}.Release|Any CPU.Build.0 = Release|Any CPU
		{7CA413AC-CDAA-452B-9D20-8EABF6FB1743}.Debug|Any CPU.ActiveCfg = Debug|Any CPU
		{7CA413AC-CDAA-452B-9D20-8EABF6FB1743}.Debug|Any CPU.Build.0 = Debug|Any CPU
		{7CA413AC-CDAA-452B-9D20-8EABF6FB1743}.Release|Any CPU.ActiveCfg = Release|Any CPU
		{7CA413AC-CDAA-452B-9D20-8EABF6FB1743}.Release|Any CPU.Build.0 = Release|Any CPU
		{C1460830-EF5D-48E0-847D-3BC9395885E3}.Debug|Any CPU.ActiveCfg = Debug|Any CPU
		{C1460830-EF5D-48E0-847D-3BC9395885E3}.Debug|Any CPU.Build.0 = Debug|Any CPU
		{C1460830-EF5D-48E0-847D-3BC9395885E3}.Release|Any CPU.ActiveCfg = Release|Any CPU
		{C1460830-EF5D-48E0-847D-3BC9395885E3}.Release|Any CPU.Build.0 = Release|Any CPU
		{C6C95B27-4C21-479E-93A9-91A279C050C4}.Debug|Any CPU.ActiveCfg = Debug|Any CPU
		{C6C95B27-4C21-479E-93A9-91A279C050C4}.Debug|Any CPU.Build.0 = Debug|Any CPU
		{C6C95B27-4C21-479E-93A9-91A279C050C4}.Release|Any CPU.ActiveCfg = Release|Any CPU
		{C6C95B27-4C21-479E-93A9-91A279C050C4}.Release|Any CPU.Build.0 = Release|Any CPU
		{A579D82B-B1FE-4FD2-961D-803C1CB0F56B}.Debug|Any CPU.ActiveCfg = Debug|Any CPU
		{A579D82B-B1FE-4FD2-961D-803C1CB0F56B}.Debug|Any CPU.Build.0 = Debug|Any CPU
		{A579D82B-B1FE-4FD2-961D-803C1CB0F56B}.Release|Any CPU.ActiveCfg = Release|Any CPU
		{A579D82B-B1FE-4FD2-961D-803C1CB0F56B}.Release|Any CPU.Build.0 = Release|Any CPU
		{890E5444-68E9-44EE-93EC-ECFE05DC222D}.Debug|Any CPU.ActiveCfg = Debug|Any CPU
		{890E5444-68E9-44EE-93EC-ECFE05DC222D}.Debug|Any CPU.Build.0 = Debug|Any CPU
		{890E5444-68E9-44EE-93EC-ECFE05DC222D}.Release|Any CPU.ActiveCfg = Release|Any CPU
		{890E5444-68E9-44EE-93EC-ECFE05DC222D}.Release|Any CPU.Build.0 = Release|Any CPU
		{60F61C24-E426-4423-A39C-22BB27DA4D82}.Debug|Any CPU.ActiveCfg = Debug|Any CPU
		{60F61C24-E426-4423-A39C-22BB27DA4D82}.Debug|Any CPU.Build.0 = Debug|Any CPU
		{60F61C24-E426-4423-A39C-22BB27DA4D82}.Release|Any CPU.ActiveCfg = Release|Any CPU
		{60F61C24-E426-4423-A39C-22BB27DA4D82}.Release|Any CPU.Build.0 = Release|Any CPU
		{CDE88E87-04BE-4C92-96AB-C1BCB621D0C1}.Debug|Any CPU.ActiveCfg = Debug|Any CPU
		{CDE88E87-04BE-4C92-96AB-C1BCB621D0C1}.Debug|Any CPU.Build.0 = Debug|Any CPU
		{CDE88E87-04BE-4C92-96AB-C1BCB621D0C1}.Release|Any CPU.ActiveCfg = Release|Any CPU
		{CDE88E87-04BE-4C92-96AB-C1BCB621D0C1}.Release|Any CPU.Build.0 = Release|Any CPU
		{FECC38DF-FF1A-4F12-BC1E-AD5C6C586161}.Debug|Any CPU.ActiveCfg = Debug|Any CPU
		{FECC38DF-FF1A-4F12-BC1E-AD5C6C586161}.Debug|Any CPU.Build.0 = Debug|Any CPU
		{FECC38DF-FF1A-4F12-BC1E-AD5C6C586161}.Release|Any CPU.ActiveCfg = Release|Any CPU
		{FECC38DF-FF1A-4F12-BC1E-AD5C6C586161}.Release|Any CPU.Build.0 = Release|Any CPU
	EndGlobalSection
	GlobalSection(SolutionProperties) = preSolution
		HideSolutionNode = FALSE
	EndGlobalSection
	GlobalSection(NestedProjects) = preSolution
		{969E2B4A-DFDB-45AA-B66C-1DE114CCEE50} = {C5CF47D5-3FA0-4125-BB42-5D8249C2BEF4}
		{AA5E724D-D1EB-4487-98B7-3EC63680AE18} = {C5CF47D5-3FA0-4125-BB42-5D8249C2BEF4}
		{CAF090FA-5EA6-40D3-BB84-A7713AC52C59} = {C5CF47D5-3FA0-4125-BB42-5D8249C2BEF4}
		{449F87D2-99BD-453B-B2AF-538678941398} = {C5CF47D5-3FA0-4125-BB42-5D8249C2BEF4}
		{FA6C5C7E-5858-477D-A376-543748709E33} = {C5CF47D5-3FA0-4125-BB42-5D8249C2BEF4}
		{8ADD8DB7-25C5-4C97-99F8-43504484296D} = {BFC1B144-029E-4783-94E9-6AD42522A420}
		{A295F6B2-77BE-46B2-8332-62E607D81697} = {BFC1B144-029E-4783-94E9-6AD42522A420}
		{F98E6FEE-3756-44BB-8289-555F48145B4B} = {BFC1B144-029E-4783-94E9-6AD42522A420}
		{DC5D62AB-7F34-4596-93F9-D4428B0880C0} = {BFC1B144-029E-4783-94E9-6AD42522A420}
		{8950C49C-99C3-4DD1-B6AE-C637E3FF0892} = {BFC1B144-029E-4783-94E9-6AD42522A420}
		{9689C411-DE39-49DE-A26D-115A4D64A36A} = {BFC1B144-029E-4783-94E9-6AD42522A420}
		{620AAC49-3FF5-49A8-9628-E2FB33681237} = {BFC1B144-029E-4783-94E9-6AD42522A420}
		{58582242-51B7-45C1-8097-587EFE22B371} = {498A1763-98E8-4E38-9264-33C51D6C4D0B}
		{6C914D87-D8F2-4330-B80B-ED602EEB24C8} = {498A1763-98E8-4E38-9264-33C51D6C4D0B}
		{FD7F8CF8-7F8E-4F33-85C3-D3FFDCFDAEF8} = {498A1763-98E8-4E38-9264-33C51D6C4D0B}
		{7CA413AC-CDAA-452B-9D20-8EABF6FB1743} = {498A1763-98E8-4E38-9264-33C51D6C4D0B}
		{C1460830-EF5D-48E0-847D-3BC9395885E3} = {498A1763-98E8-4E38-9264-33C51D6C4D0B}
		{C6C95B27-4C21-479E-93A9-91A279C050C4} = {498A1763-98E8-4E38-9264-33C51D6C4D0B}
		{A579D82B-B1FE-4FD2-961D-803C1CB0F56B} = {498A1763-98E8-4E38-9264-33C51D6C4D0B}
		{890E5444-68E9-44EE-93EC-ECFE05DC222D} = {498A1763-98E8-4E38-9264-33C51D6C4D0B}
		{60F61C24-E426-4423-A39C-22BB27DA4D82} = {498A1763-98E8-4E38-9264-33C51D6C4D0B}
		{CDE88E87-04BE-4C92-96AB-C1BCB621D0C1} = {498A1763-98E8-4E38-9264-33C51D6C4D0B}
		{FECC38DF-FF1A-4F12-BC1E-AD5C6C586161} = {498A1763-98E8-4E38-9264-33C51D6C4D0B}
	EndGlobalSection
	GlobalSection(ExtensibilityGlobals) = postSolution
		SolutionGuid = {DED828C3-6C2E-4F6D-A702-E657AF4AA6EA}
	EndGlobalSection
EndGlobal
